
Microsoft Visual Studio Solution File, Format Version 11.00
# Visual Studio 2010
Project("{FAE04EC0-301F-11D3-BF4B-00C04F79EFBC}") = "Assembly-CSharp-firstpass", "Assembly-CSharp-firstpass.csproj", "{F51D6595-4056-1E00-5193-13C2687F8358}"
EndProject
Project("{FAE04EC0-301F-11D3-BF4B-00C04F79EFBC}") = "Assembly-CSharp", "Assembly-CSharp.csproj", "{1E1E46B7-AA71-4009-84BE-AFD56B4081A1}"
EndProject
Project("{FAE04EC0-301F-11D3-BF4B-00C04F79EFBC}") = "Assembly-CSharp-Editor-firstpass", "Assembly-CSharp-Editor-firstpass.csproj", "{3DC27405-4FDC-D2DB-4A10-322C2F6AADF1}"
EndProject
Global
	GlobalSection(SolutionConfigurationPlatforms) = preSolution
		Debug|Any CPU = Debug|Any CPU
		Release|Any CPU = Release|Any CPU
	EndGlobalSection
	GlobalSection(ProjectConfigurationPlatforms) = postSolution
		{F51D6595-4056-1E00-5193-13C2687F8358}.Debug|Any CPU.ActiveCfg = Debug|Any CPU
		{F51D6595-4056-1E00-5193-13C2687F8358}.Debug|Any CPU.Build.0 = Debug|Any CPU
		{F51D6595-4056-1E00-5193-13C2687F8358}.Release|Any CPU.ActiveCfg = Release|Any CPU
		{F51D6595-4056-1E00-5193-13C2687F8358}.Release|Any CPU.Build.0 = Release|Any CPU
		{1E1E46B7-AA71-4009-84BE-AFD56B4081A1}.Debug|Any CPU.ActiveCfg = Debug|Any CPU
		{1E1E46B7-AA71-4009-84BE-AFD56B4081A1}.Debug|Any CPU.Build.0 = Debug|Any CPU
		{1E1E46B7-AA71-4009-84BE-AFD56B4081A1}.Release|Any CPU.ActiveCfg = Release|Any CPU
		{1E1E46B7-AA71-4009-84BE-AFD56B4081A1}.Release|Any CPU.Build.0 = Release|Any CPU
		{3DC27405-4FDC-D2DB-4A10-322C2F6AADF1}.Debug|Any CPU.ActiveCfg = Debug|Any CPU
		{3DC27405-4FDC-D2DB-4A10-322C2F6AADF1}.Debug|Any CPU.Build.0 = Debug|Any CPU
		{3DC27405-4FDC-D2DB-4A10-322C2F6AADF1}.Release|Any CPU.ActiveCfg = Release|Any CPU
		{3DC27405-4FDC-D2DB-4A10-322C2F6AADF1}.Release|Any CPU.Build.0 = Release|Any CPU
	EndGlobalSection
	GlobalSection(SolutionProperties) = preSolution
		HideSolutionNode = FALSE
	EndGlobalSection
	GlobalSection(MonoDevelopProperties) = preSolution
		StartupItem = Assembly-CSharp.csproj
	EndGlobalSection
EndGlobal
